
Microsoft Visual Studio Solution File, Format Version 12.00
# Visual Studio Version 17
VisualStudioVersion = 17.3.32825.248
MinimumVisualStudioVersion = 10.0.40219.1
Project("{9A19103F-16F7-4668-BE54-9A1E7A4F7556}") = "BiblionegaBot", "BiblionegaBot.csproj", "{51B9C693-5588-4400-B869-3C646FAF9A4A}"
EndProject
Project("{9A19103F-16F7-4668-BE54-9A1E7A4F7556}") = "BiblionegaBot.Tests", "..\BiblionegaBot.Tests\BiblionegaBot.Tests.csproj", "{F342FF2C-F76B-4EB2-92DF-4C216FCEDC32}"
EndProject
Global
	GlobalSection(SolutionConfigurationPlatforms) = preSolution
		Debug|Any CPU = Debug|Any CPU
		Release|Any CPU = Release|Any CPU
	EndGlobalSection
	GlobalSection(ProjectConfigurationPlatforms) = postSolution
		{51B9C693-5588-4400-B869-3C646FAF9A4A}.Debug|Any CPU.ActiveCfg = Debug|Any CPU
		{51B9C693-5588-4400-B869-3C646FAF9A4A}.Debug|Any CPU.Build.0 = Debug|Any CPU
		{51B9C693-5588-4400-B869-3C646FAF9A4A}.Release|Any CPU.ActiveCfg = Release|Any CPU
		{51B9C693-5588-4400-B869-3C646FAF9A4A}.Release|Any CPU.Build.0 = Release|Any CPU
		{F342FF2C-F76B-4EB2-92DF-4C216FCEDC32}.Debug|Any CPU.ActiveCfg = Debug|Any CPU
		{F342FF2C-F76B-4EB2-92DF-4C216FCEDC32}.Debug|Any CPU.Build.0 = Debug|Any CPU
		{F342FF2C-F76B-4EB2-92DF-4C216FCEDC32}.Release|Any CPU.ActiveCfg = Release|Any CPU
		{F342FF2C-F76B-4EB2-92DF-4C216FCEDC32}.Release|Any CPU.Build.0 = Release|Any CPU
	EndGlobalSection
	GlobalSection(SolutionProperties) = preSolution
		HideSolutionNode = FALSE
	EndGlobalSection
	GlobalSection(ExtensibilityGlobals) = postSolution
		SolutionGuid = {FB470695-A38A-4891-B883-B95B3ED8628B}
	EndGlobalSection
EndGlobal
